<?xml version="1.0" encoding="utf-8"?>
<Project ToolsVersion="4.0" xmlns="http://schemas.microsoft.com/developer/msbuild/2003">
  <ItemGroup>
    <ClCompile Include="Plugin.cpp" />
    <ClCompile Include="Taskbar\Taskbar.cpp" />
    <ClCompile Include="Utility.cpp" />
    <ClCompile Include="VirtualDesktops\VirtualDesktop.cpp">
      <Filter>VirtualDesktop</Filter>
    </ClCompile>
    <ClCompile Include="VirtualDesktops\VirtualDesktopMeasure.cpp">
      <Filter>VirtualDesktop</Filter>
    </ClCompile>
  </ItemGroup>
  <ItemGroup>
    <ClInclude Include="Taskbar\Taskbar.h" />
    <ClInclude Include="Utility.h" />
    <ClInclude Include="version.h" />
    <ClInclude Include="VirtualDesktops\VirtualDesktop.h">
      <Filter>VirtualDesktop</Filter>
    </ClInclude>
    <ClInclude Include="VirtualDesktops\VirtualDesktopMeasure.h">
      <Filter>VirtualDesktop</Filter>
    </ClInclude>
  </ItemGroup>
  <ItemGroup>
    <ResourceCompile Include="Plugin.rc" />
  </ItemGroup>
  <ItemGroup>
    <Filter Include="VirtualDesktop">
      <UniqueIdentifier>{1227b795-e2ab-437b-8166-b191922e045b}</UniqueIdentifier>
    </Filter>
  </ItemGroup>
</Project>